// !$*UTF8*$!
{
	archiveVersion = 1;
	classes = {
	};
	objectVersion = 50;
	objects = {

/* Begin PBXBuildFile section */
		BC2CF3EC264742F2009521A7 /* CadastroView.swift in Sources */ = {isa = PBXBuildFile; fileRef = BC2CF3EB264742F2009521A7 /* CadastroView.swift */; };
		BC2CF3EE26474313009521A7 /* LogInView.swift in Sources */ = {isa = PBXBuildFile; fileRef = BC2CF3ED26474313009521A7 /* LogInView.swift */; };
		BC2CF3F12647436D009521A7 /* CampoInsercaoView.swift in Sources */ = {isa = PBXBuildFile; fileRef = BC2CF3F02647436D009521A7 /* CampoInsercaoView.swift */; };
		BC2CF3F3264743C2009521A7 /* CampoSeguroView.swift in Sources */ = {isa = PBXBuildFile; fileRef = BC2CF3F2264743C2009521A7 /* CampoSeguroView.swift */; };
		BC3A227E2643A42C0075D27D /* PartyListItemView.swift in Sources */ = {isa = PBXBuildFile; fileRef = BC3A227D2643A42C0075D27D /* PartyListItemView.swift */; };
		BCCD345726403E7B00C4BD18 /* repAppApp.swift in Sources */ = {isa = PBXBuildFile; fileRef = BCCD345626403E7B00C4BD18 /* repAppApp.swift */; };
		BCCD345926403E7B00C4BD18 /* ContentView.swift in Sources */ = {isa = PBXBuildFile; fileRef = BCCD345826403E7B00C4BD18 /* ContentView.swift */; };
		BCCD345B26403E7C00C4BD18 /* Assets.xcassets in Resources */ = {isa = PBXBuildFile; fileRef = BCCD345A26403E7C00C4BD18 /* Assets.xcassets */; };
		BCCD345E26403E7C00C4BD18 /* Preview Assets.xcassets in Resources */ = {isa = PBXBuildFile; fileRef = BCCD345D26403E7C00C4BD18 /* Preview Assets.xcassets */; };
		BCCD346926403E7D00C4BD18 /* repAppTests.swift in Sources */ = {isa = PBXBuildFile; fileRef = BCCD346826403E7D00C4BD18 /* repAppTests.swift */; };
		BCCD347426403E7D00C4BD18 /* repAppUITests.swift in Sources */ = {isa = PBXBuildFile; fileRef = BCCD347326403E7D00C4BD18 /* repAppUITests.swift */; };
		BCCD348826417D1C00C4BD18 /* PartyListView.swift in Sources */ = {isa = PBXBuildFile; fileRef = BCCD348726417D1C00C4BD18 /* PartyListView.swift */; };
		BCCD348D26417FA300C4BD18 /* Party.swift in Sources */ = {isa = PBXBuildFile; fileRef = BCCD348C26417FA300C4BD18 /* Party.swift */; };
		BCCD3494264181F200C4BD18 /* ModelData.swift in Sources */ = {isa = PBXBuildFile; fileRef = BCCD3493264181F200C4BD18 /* ModelData.swift */; };
		BCCD34A22641838D00C4BD18 /* partiesJSON.json in Resources */ = {isa = PBXBuildFile; fileRef = BCCD34A12641838D00C4BD18 /* partiesJSON.json */; };
		E8179998264070F5002F28DA /* PartyDetailsView.swift in Sources */ = {isa = PBXBuildFile; fileRef = E8179997264070F5002F28DA /* PartyDetailsView.swift */; };
		E8FA4FE12645CB2C00DE19B2 /* ConfirmPaymentView.swift in Sources */ = {isa = PBXBuildFile; fileRef = E8FA4FE02645CB2C00DE19B2 /* ConfirmPaymentView.swift */; };
/* End PBXBuildFile section */

/* Begin PBXContainerItemProxy section */
		BCCD346526403E7D00C4BD18 /* PBXContainerItemProxy */ = {
			isa = PBXContainerItemProxy;
			containerPortal = BCCD344B26403E7B00C4BD18 /* Project object */;
			proxyType = 1;
			remoteGlobalIDString = BCCD345226403E7B00C4BD18;
			remoteInfo = repApp;
		};
		BCCD347026403E7D00C4BD18 /* PBXContainerItemProxy */ = {
			isa = PBXContainerItemProxy;
			containerPortal = BCCD344B26403E7B00C4BD18 /* Project object */;
			proxyType = 1;
			remoteGlobalIDString = BCCD345226403E7B00C4BD18;
			remoteInfo = repApp;
		};
/* End PBXContainerItemProxy section */

/* Begin PBXFileReference section */
		BC2CF3EB264742F2009521A7 /* CadastroView.swift */ = {isa = PBXFileReference; lastKnownFileType = sourcecode.swift; path = CadastroView.swift; sourceTree = "<group>"; };
		BC2CF3ED26474313009521A7 /* LogInView.swift */ = {isa = PBXFileReference; lastKnownFileType = sourcecode.swift; path = LogInView.swift; sourceTree = "<group>"; };
		BC2CF3F02647436D009521A7 /* CampoInsercaoView.swift */ = {isa = PBXFileReference; lastKnownFileType = sourcecode.swift; path = CampoInsercaoView.swift; sourceTree = "<group>"; };
		BC2CF3F2264743C2009521A7 /* CampoSeguroView.swift */ = {isa = PBXFileReference; lastKnownFileType = sourcecode.swift; path = CampoSeguroView.swift; sourceTree = "<group>"; };
		BC3A227D2643A42C0075D27D /* PartyListItemView.swift */ = {isa = PBXFileReference; lastKnownFileType = sourcecode.swift; path = PartyListItemView.swift; sourceTree = "<group>"; };
		BCCD345326403E7B00C4BD18 /* repApp.app */ = {isa = PBXFileReference; explicitFileType = wrapper.application; includeInIndex = 0; path = repApp.app; sourceTree = BUILT_PRODUCTS_DIR; };
		BCCD345626403E7B00C4BD18 /* repAppApp.swift */ = {isa = PBXFileReference; lastKnownFileType = sourcecode.swift; path = repAppApp.swift; sourceTree = "<group>"; };
		BCCD345826403E7B00C4BD18 /* ContentView.swift */ = {isa = PBXFileReference; lastKnownFileType = sourcecode.swift; path = ContentView.swift; sourceTree = "<group>"; };
		BCCD345A26403E7C00C4BD18 /* Assets.xcassets */ = {isa = PBXFileReference; lastKnownFileType = folder.assetcatalog; path = Assets.xcassets; sourceTree = "<group>"; };
		BCCD345D26403E7C00C4BD18 /* Preview Assets.xcassets */ = {isa = PBXFileReference; lastKnownFileType = folder.assetcatalog; path = "Preview Assets.xcassets"; sourceTree = "<group>"; };
		BCCD345F26403E7C00C4BD18 /* Info.plist */ = {isa = PBXFileReference; lastKnownFileType = text.plist.xml; path = Info.plist; sourceTree = "<group>"; };
		BCCD346426403E7D00C4BD18 /* repAppTests.xctest */ = {isa = PBXFileReference; explicitFileType = wrapper.cfbundle; includeInIndex = 0; path = repAppTests.xctest; sourceTree = BUILT_PRODUCTS_DIR; };
		BCCD346826403E7D00C4BD18 /* repAppTests.swift */ = {isa = PBXFileReference; lastKnownFileType = sourcecode.swift; path = repAppTests.swift; sourceTree = "<group>"; };
		BCCD346A26403E7D00C4BD18 /* Info.plist */ = {isa = PBXFileReference; lastKnownFileType = text.plist.xml; path = Info.plist; sourceTree = "<group>"; };
		BCCD346F26403E7D00C4BD18 /* repAppUITests.xctest */ = {isa = PBXFileReference; explicitFileType = wrapper.cfbundle; includeInIndex = 0; path = repAppUITests.xctest; sourceTree = BUILT_PRODUCTS_DIR; };
		BCCD347326403E7D00C4BD18 /* repAppUITests.swift */ = {isa = PBXFileReference; lastKnownFileType = sourcecode.swift; path = repAppUITests.swift; sourceTree = "<group>"; };
		BCCD347526403E7D00C4BD18 /* Info.plist */ = {isa = PBXFileReference; lastKnownFileType = text.plist.xml; path = Info.plist; sourceTree = "<group>"; };
		BCCD348726417D1C00C4BD18 /* PartyListView.swift */ = {isa = PBXFileReference; lastKnownFileType = sourcecode.swift; path = PartyListView.swift; sourceTree = "<group>"; };
		BCCD348C26417FA300C4BD18 /* Party.swift */ = {isa = PBXFileReference; lastKnownFileType = sourcecode.swift; path = Party.swift; sourceTree = "<group>"; };
		BCCD3493264181F200C4BD18 /* ModelData.swift */ = {isa = PBXFileReference; lastKnownFileType = sourcecode.swift; path = ModelData.swift; sourceTree = "<group>"; };
		BCCD34A12641838D00C4BD18 /* partiesJSON.json */ = {isa = PBXFileReference; fileEncoding = 4; lastKnownFileType = text.json; path = partiesJSON.json; sourceTree = "<group>"; };
		E8179997264070F5002F28DA /* PartyDetailsView.swift */ = {isa = PBXFileReference; lastKnownFileType = sourcecode.swift; path = PartyDetailsView.swift; sourceTree = "<group>"; };
		E8FA4FE02645CB2C00DE19B2 /* ConfirmPaymentView.swift */ = {isa = PBXFileReference; lastKnownFileType = sourcecode.swift; path = ConfirmPaymentView.swift; sourceTree = "<group>"; };
/* End PBXFileReference section */

/* Begin PBXFrameworksBuildPhase section */
		BCCD345026403E7B00C4BD18 /* Frameworks */ = {
			isa = PBXFrameworksBuildPhase;
			buildActionMask = 2147483647;
			files = (
			);
			runOnlyForDeploymentPostprocessing = 0;
		};
		BCCD346126403E7D00C4BD18 /* Frameworks */ = {
			isa = PBXFrameworksBuildPhase;
			buildActionMask = 2147483647;
			files = (
			);
			runOnlyForDeploymentPostprocessing = 0;
		};
		BCCD346C26403E7D00C4BD18 /* Frameworks */ = {
			isa = PBXFrameworksBuildPhase;
			buildActionMask = 2147483647;
			files = (
			);
			runOnlyForDeploymentPostprocessing = 0;
		};
/* End PBXFrameworksBuildPhase section */

/* Begin PBXGroup section */
		BC2CF3EF26474335009521A7 /* Components */ = {
			isa = PBXGroup;
			children = (
				BC2CF3F02647436D009521A7 /* CampoInsercaoView.swift */,
				BC2CF3F2264743C2009521A7 /* CampoSeguroView.swift */,
			);
			path = Components;
			sourceTree = "<group>";
		};
		BC6CF7B0264559CE003C5345 /* Resources */ = {
			isa = PBXGroup;
			children = (
				BCCD34A12641838D00C4BD18 /* partiesJSON.json */,
			);
			path = Resources;
			sourceTree = "<group>";
		};
		BCCD344A26403E7B00C4BD18 = {
			isa = PBXGroup;
			children = (
				BCCD345526403E7B00C4BD18 /* repApp */,
				BCCD346726403E7D00C4BD18 /* repAppTests */,
				BCCD347226403E7D00C4BD18 /* repAppUITests */,
				BCCD345426403E7B00C4BD18 /* Products */,
			);
			sourceTree = "<group>";
		};
		BCCD345426403E7B00C4BD18 /* Products */ = {
			isa = PBXGroup;
			children = (
				BCCD345326403E7B00C4BD18 /* repApp.app */,
				BCCD346426403E7D00C4BD18 /* repAppTests.xctest */,
				BCCD346F26403E7D00C4BD18 /* repAppUITests.xctest */,
			);
			name = Products;
			sourceTree = "<group>";
		};
		BCCD345526403E7B00C4BD18 /* repApp */ = {
			isa = PBXGroup;
			children = (
				BC2CF3EF26474335009521A7 /* Components */,
				BC6CF7B0264559CE003C5345 /* Resources */,
				BCCD3492264181CF00C4BD18 /* Models */,
				BCCD3491264181BB00C4BD18 /* Views */,
				BCCD345626403E7B00C4BD18 /* repAppApp.swift */,
				BCCD345826403E7B00C4BD18 /* ContentView.swift */,
				E8179997264070F5002F28DA /* PartyDetailsView.swift */,
				BCCD345A26403E7C00C4BD18 /* Assets.xcassets */,
				BCCD345F26403E7C00C4BD18 /* Info.plist */,
				BCCD345C26403E7C00C4BD18 /* Preview Content */,
			);
			path = repApp;
			sourceTree = "<group>";
		};
		BCCD345C26403E7C00C4BD18 /* Preview Content */ = {
			isa = PBXGroup;
			children = (
				BCCD345D26403E7C00C4BD18 /* Preview Assets.xcassets */,
			);
			path = "Preview Content";
			sourceTree = "<group>";
		};
		BCCD346726403E7D00C4BD18 /* repAppTests */ = {
			isa = PBXGroup;
			children = (
				BCCD346826403E7D00C4BD18 /* repAppTests.swift */,
				BCCD346A26403E7D00C4BD18 /* Info.plist */,
			);
			path = repAppTests;
			sourceTree = "<group>";
		};
		BCCD347226403E7D00C4BD18 /* repAppUITests */ = {
			isa = PBXGroup;
			children = (
				BCCD347326403E7D00C4BD18 /* repAppUITests.swift */,
				BCCD347526403E7D00C4BD18 /* Info.plist */,
			);
			path = repAppUITests;
			sourceTree = "<group>";
		};
		BCCD3491264181BB00C4BD18 /* Views */ = {
			isa = PBXGroup;
			children = (
				BCCD348726417D1C00C4BD18 /* PartyListView.swift */,
				BC3A227D2643A42C0075D27D /* PartyListItemView.swift */,
				E8FA4FE02645CB2C00DE19B2 /* ConfirmPaymentView.swift */,
				BC2CF3EB264742F2009521A7 /* CadastroView.swift */,
				BC2CF3ED26474313009521A7 /* LogInView.swift */,
			);
			path = Views;
			sourceTree = "<group>";
		};
		BCCD3492264181CF00C4BD18 /* Models */ = {
			isa = PBXGroup;
			children = (
				BCCD348C26417FA300C4BD18 /* Party.swift */,
				BCCD3493264181F200C4BD18 /* ModelData.swift */,
			);
			path = Models;
			sourceTree = "<group>";
		};/* End PBXGroup section */

/* Begin PBXNativeTarget section */
		BCCD345226403E7B00C4BD18 /* repApp */ = {
			isa = PBXNativeTarget;
			buildConfigurationList = BCCD347826403E7D00C4BD18 /* Build configuration list for PBXNativeTarget "repApp" */;
			buildPhases = (
				BCCD344F26403E7B00C4BD18 /* Sources */,
				BCCD345026403E7B00C4BD18 /* Frameworks */,
				BCCD345126403E7B00C4BD18 /* Resources */,
			);
			buildRules = (
			);
			dependencies = (
			);
			name = repApp;
			productName = repApp;
			productReference = BCCD345326403E7B00C4BD18 /* repApp.app */;
			productType = "com.apple.product-type.application";
		};
		BCCD346326403E7D00C4BD18 /* repAppTests */ = {
			isa = PBXNativeTarget;
			buildConfigurationList = BCCD347B26403E7D00C4BD18 /* Build configuration list for PBXNativeTarget "repAppTests" */;
			buildPhases = (
				BCCD346026403E7D00C4BD18 /* Sources */,
				BCCD346126403E7D00C4BD18 /* Frameworks */,
				BCCD346226403E7D00C4BD18 /* Resources */,
			);
			buildRules = (
			);
			dependencies = (
				BCCD346626403E7D00C4BD18 /* PBXTargetDependency */,
			);
			name = repAppTests;
			productName = repAppTests;
			productReference = BCCD346426403E7D00C4BD18 /* repAppTests.xctest */;
			productType = "com.apple.product-type.bundle.unit-test";
		};
		BCCD346E26403E7D00C4BD18 /* repAppUITests */ = {
			isa = PBXNativeTarget;
			buildConfigurationList = BCCD347E26403E7D00C4BD18 /* Build configuration list for PBXNativeTarget "repAppUITests" */;
			buildPhases = (
				BCCD346B26403E7D00C4BD18 /* Sources */,
				BCCD346C26403E7D00C4BD18 /* Frameworks */,
				BCCD346D26403E7D00C4BD18 /* Resources */,
			);
			buildRules = (
			);
			dependencies = (
				BCCD347126403E7D00C4BD18 /* PBXTargetDependency */,
			);
			name = repAppUITests;
			productName = repAppUITests;
			productReference = BCCD346F26403E7D00C4BD18 /* repAppUITests.xctest */;
			productType = "com.apple.product-type.bundle.ui-testing";
		};
/* End PBXNativeTarget section */

/* Begin PBXProject section */
		BCCD344B26403E7B00C4BD18 /* Project object */ = {
			isa = PBXProject;
			attributes = {
				LastSwiftUpdateCheck = 1240;
				LastUpgradeCheck = 1240;
				TargetAttributes = {
					BCCD345226403E7B00C4BD18 = {
						CreatedOnToolsVersion = 12.4;
					};
					BCCD346326403E7D00C4BD18 = {
						CreatedOnToolsVersion = 12.4;
						TestTargetID = BCCD345226403E7B00C4BD18;
					};
					BCCD346E26403E7D00C4BD18 = {
						CreatedOnToolsVersion = 12.4;
						TestTargetID = BCCD345226403E7B00C4BD18;
					};
				};
			};
			buildConfigurationList = BCCD344E26403E7B00C4BD18 /* Build configuration list for PBXProject "repApp" */;
			compatibilityVersion = "Xcode 9.3";
			developmentRegion = en;
			hasScannedForEncodings = 0;
			knownRegions = (
				en,
				Base,
			);
			mainGroup = BCCD344A26403E7B00C4BD18;
			productRefGroup = BCCD345426403E7B00C4BD18 /* Products */;
			projectDirPath = "";
			projectRoot = "";
			targets = (
				BCCD345226403E7B00C4BD18 /* repApp */,
				BCCD346326403E7D00C4BD18 /* repAppTests */,
				BCCD346E26403E7D00C4BD18 /* repAppUITests */,
			);
		};
/* End PBXProject section */

/* Begin PBXResourcesBuildPhase section */
		BCCD345126403E7B00C4BD18 /* Resources */ = {
			isa = PBXResourcesBuildPhase;
			buildActionMask = 2147483647;
			files = (
				BCCD345E26403E7C00C4BD18 /* Preview Assets.xcassets in Resources */,
				BCCD345B26403E7C00C4BD18 /* Assets.xcassets in Resources */,
				BCCD34A22641838D00C4BD18 /* partiesJSON.json in Resources */,
			);
			runOnlyForDeploymentPostprocessing = 0;
		};
		BCCD346226403E7D00C4BD18 /* Resources */ = {
			isa = PBXResourcesBuildPhase;
			buildActionMask = 2147483647;
			files = (
			);
			runOnlyForDeploymentPostprocessing = 0;
		};
		BCCD346D26403E7D00C4BD18 /* Resources */ = {
			isa = PBXResourcesBuildPhase;
			buildActionMask = 2147483647;
			files = (
			);
			runOnlyForDeploymentPostprocessing = 0;
		};
/* End PBXResourcesBuildPhase section */

/* Begin PBXSourcesBuildPhase section */
		BCCD344F26403E7B00C4BD18 /* Sources */ = {
			isa = PBXSourcesBuildPhase;
			buildActionMask = 2147483647;
			files = (
				BCCD348826417D1C00C4BD18 /* PartyListView.swift in Sources */,
				BC2CF3EC264742F2009521A7 /* CadastroView.swift in Sources */,
				BC2CF3F3264743C2009521A7 /* CampoSeguroView.swift in Sources */,
				BCCD345926403E7B00C4BD18 /* ContentView.swift in Sources */,
				E8FA4FE12645CB2C00DE19B2 /* ConfirmPaymentView.swift in Sources */,
				BCCD3494264181F200C4BD18 /* ModelData.swift in Sources */,
				BCCD348D26417FA300C4BD18 /* Party.swift in Sources */,
				BC2CF3F12647436D009521A7 /* CampoInsercaoView.swift in Sources */,
				BC3A227E2643A42C0075D27D /* PartyListItemView.swift in Sources */,
				BC2CF3EE26474313009521A7 /* LogInView.swift in Sources */,
				E8179998264070F5002F28DA /* PartyDetailsView.swift in Sources */,
				BCCD345726403E7B00C4BD18 /* repAppApp.swift in Sources */,
			);
			runOnlyForDeploymentPostprocessing = 0;
		};
		BCCD346026403E7D00C4BD18 /* Sources */ = {
			isa = PBXSourcesBuildPhase;
			buildActionMask = 2147483647;
			files = (
				BCCD346926403E7D00C4BD18 /* repAppTests.swift in Sources */,
			);
			runOnlyForDeploymentPostprocessing = 0;
		};
		BCCD346B26403E7D00C4BD18 /* Sources */ = {
			isa = PBXSourcesBuildPhase;
			buildActionMask = 2147483647;
			files = (
				BCCD347426403E7D00C4BD18 /* repAppUITests.swift in Sources */,
			);
			runOnlyForDeploymentPostprocessing = 0;
		};
/* End PBXSourcesBuildPhase section */

/* Begin PBXTargetDependency section */
		BCCD346626403E7D00C4BD18 /* PBXTargetDependency */ = {
			isa = PBXTargetDependency;
			target = BCCD345226403E7B00C4BD18 /* repApp */;
			targetProxy = BCCD346526403E7D00C4BD18 /* PBXContainerItemProxy */;
		};
		BCCD347126403E7D00C4BD18 /* PBXTargetDependency */ = {
			isa = PBXTargetDependency;
			target = BCCD345226403E7B00C4BD18 /* repApp */;
			targetProxy = BCCD347026403E7D00C4BD18 /* PBXContainerItemProxy */;
		};
/* End PBXTargetDependency section */

/* Begin XCBuildConfiguration section */
		BCCD347626403E7D00C4BD18 /* Debug */ = {
			isa = XCBuildConfiguration;
			buildSettings = {
				ALWAYS_SEARCH_USER_PATHS = NO;
				CLANG_ANALYZER_NONNULL = YES;
				CLANG_ANALYZER_NUMBER_OBJECT_CONVERSION = YES_AGGRESSIVE;
				CLANG_CXX_LANGUAGE_STANDARD = "gnu++14";
				CLANG_CXX_LIBRARY = "libc++";
				CLANG_ENABLE_MODULES = YES;
				CLANG_ENABLE_OBJC_ARC = YES;
				CLANG_ENABLE_OBJC_WEAK = YES;
				CLANG_WARN_BLOCK_CAPTURE_AUTORELEASING = YES;
				CLANG_WARN_BOOL_CONVERSION = YES;
				CLANG_WARN_COMMA = YES;
				CLANG_WARN_CONSTANT_CONVERSION = YES;
				CLANG_WARN_DEPRECATED_OBJC_IMPLEMENTATIONS = YES;
				CLANG_WARN_DIRECT_OBJC_ISA_USAGE = YES_ERROR;
				CLANG_WARN_DOCUMENTATION_COMMENTS = YES;
				CLANG_WARN_EMPTY_BODY = YES;
				CLANG_WARN_ENUM_CONVERSION = YES;
				CLANG_WARN_INFINITE_RECURSION = YES;
				CLANG_WARN_INT_CONVERSION = YES;
				CLANG_WARN_NON_LITERAL_NULL_CONVERSION = YES;
				CLANG_WARN_OBJC_IMPLICIT_RETAIN_SELF = YES;
				CLANG_WARN_OBJC_LITERAL_CONVERSION = YES;
				CLANG_WARN_OBJC_ROOT_CLASS = YES_ERROR;
				CLANG_WARN_QUOTED_INCLUDE_IN_FRAMEWORK_HEADER = YES;
				CLANG_WARN_RANGE_LOOP_ANALYSIS = YES;
				CLANG_WARN_STRICT_PROTOTYPES = YES;
				CLANG_WARN_SUSPICIOUS_MOVE = YES;
				CLANG_WARN_UNGUARDED_AVAILABILITY = YES_AGGRESSIVE;
				CLANG_WARN_UNREACHABLE_CODE = YES;
				CLANG_WARN__DUPLICATE_METHOD_MATCH = YES;
				COPY_PHASE_STRIP = NO;
				DEBUG_INFORMATION_FORMAT = dwarf;
				ENABLE_STRICT_OBJC_MSGSEND = YES;
				ENABLE_TESTABILITY = YES;
				GCC_C_LANGUAGE_STANDARD = gnu11;
				GCC_DYNAMIC_NO_PIC = NO;
				GCC_NO_COMMON_BLOCKS = YES;
				GCC_OPTIMIZATION_LEVEL = 0;
				GCC_PREPROCESSOR_DEFINITIONS = (
					"DEBUG=1",
					"$(inherited)",
				);
				GCC_WARN_64_TO_32_BIT_CONVERSION = YES;
				GCC_WARN_ABOUT_RETURN_TYPE = YES_ERROR;
				GCC_WARN_UNDECLARED_SELECTOR = YES;
				GCC_WARN_UNINITIALIZED_AUTOS = YES_AGGRESSIVE;
				GCC_WARN_UNUSED_FUNCTION = YES;
				GCC_WARN_UNUSED_VARIABLE = YES;
				IPHONEOS_DEPLOYMENT_TARGET = 14.4;
				MTL_ENABLE_DEBUG_INFO = INCLUDE_SOURCE;
				MTL_FAST_MATH = YES;
				ONLY_ACTIVE_ARCH = YES;
				SDKROOT = iphoneos;
				SWIFT_ACTIVE_COMPILATION_CONDITIONS = DEBUG;
				SWIFT_OPTIMIZATION_LEVEL = "-Onone";
			};
			name = Debug;
		};
		BCCD347726403E7D00C4BD18 /* Release */ = {
			isa = XCBuildConfiguration;
			buildSettings = {
				ALWAYS_SEARCH_USER_PATHS = NO;
				CLANG_ANALYZER_NONNULL = YES;
				CLANG_ANALYZER_NUMBER_OBJECT_CONVERSION = YES_AGGRESSIVE;
				CLANG_CXX_LANGUAGE_STANDARD = "gnu++14";
				CLANG_CXX_LIBRARY = "libc++";
				CLANG_ENABLE_MODULES = YES;
				CLANG_ENABLE_OBJC_ARC = YES;
				CLANG_ENABLE_OBJC_WEAK = YES;
				CLANG_WARN_BLOCK_CAPTURE_AUTORELEASING = YES;
				CLANG_WARN_BOOL_CONVERSION = YES;
				CLANG_WARN_COMMA = YES;
				CLANG_WARN_CONSTANT_CONVERSION = YES;
				CLANG_WARN_DEPRECATED_OBJC_IMPLEMENTATIONS = YES;
				CLANG_WARN_DIRECT_OBJC_ISA_USAGE = YES_ERROR;
				CLANG_WARN_DOCUMENTATION_COMMENTS = YES;
				CLANG_WARN_EMPTY_BODY = YES;
				CLANG_WARN_ENUM_CONVERSION = YES;
				CLANG_WARN_INFINITE_RECURSION = YES;
				CLANG_WARN_INT_CONVERSION = YES;
				CLANG_WARN_NON_LITERAL_NULL_CONVERSION = YES;
				CLANG_WARN_OBJC_IMPLICIT_RETAIN_SELF = YES;
				CLANG_WARN_OBJC_LITERAL_CONVERSION = YES;
				CLANG_WARN_OBJC_ROOT_CLASS = YES_ERROR;
				CLANG_WARN_QUOTED_INCLUDE_IN_FRAMEWORK_HEADER = YES;
				CLANG_WARN_RANGE_LOOP_ANALYSIS = YES;
				CLANG_WARN_STRICT_PROTOTYPES = YES;
				CLANG_WARN_SUSPICIOUS_MOVE = YES;
				CLANG_WARN_UNGUARDED_AVAILABILITY = YES_AGGRESSIVE;
				CLANG_WARN_UNREACHABLE_CODE = YES;
				CLANG_WARN__DUPLICATE_METHOD_MATCH = YES;
				COPY_PHASE_STRIP = NO;
				DEBUG_INFORMATION_FORMAT = "dwarf-with-dsym";
				ENABLE_NS_ASSERTIONS = NO;
				ENABLE_STRICT_OBJC_MSGSEND = YES;
				GCC_C_LANGUAGE_STANDARD = gnu11;
				GCC_NO_COMMON_BLOCKS = YES;
				GCC_WARN_64_TO_32_BIT_CONVERSION = YES;
				GCC_WARN_ABOUT_RETURN_TYPE = YES_ERROR;
				GCC_WARN_UNDECLARED_SELECTOR = YES;
				GCC_WARN_UNINITIALIZED_AUTOS = YES_AGGRESSIVE;
				GCC_WARN_UNUSED_FUNCTION = YES;
				GCC_WARN_UNUSED_VARIABLE = YES;
				IPHONEOS_DEPLOYMENT_TARGET = 14.4;
				MTL_ENABLE_DEBUG_INFO = NO;
				MTL_FAST_MATH = YES;
				SDKROOT = iphoneos;
				SWIFT_COMPILATION_MODE = wholemodule;
				SWIFT_OPTIMIZATION_LEVEL = "-O";
				VALIDATE_PRODUCT = YES;
			};
			name = Release;
		};
		BCCD347926403E7D00C4BD18 /* Debug */ = {
			isa = XCBuildConfiguration;
			buildSettings = {
				ASSETCATALOG_COMPILER_APPICON_NAME = AppIcon;
				ASSETCATALOG_COMPILER_GLOBAL_ACCENT_COLOR_NAME = AccentColor;
				CODE_SIGN_STYLE = Automatic;
				DEVELOPMENT_ASSET_PATHS = "\"repApp/Preview Content\"";
				DEVELOPMENT_TEAM = RXHAR2LX55;
				ENABLE_PREVIEWS = YES;
				INFOPLIST_FILE = repApp/Info.plist;
				IPHONEOS_DEPLOYMENT_TARGET = 14.0;
				LD_RUNPATH_SEARCH_PATHS = (
					"$(inherited)",
					"@executable_path/Frameworks",
				);
				PRODUCT_BUNDLE_IDENTIFIER = com.apple.academy.repApp;
				PRODUCT_NAME = "$(TARGET_NAME)";
				SWIFT_VERSION = 5.0;
				TARGETED_DEVICE_FAMILY = "1,2";
			};
			name = Debug;
		};
		BCCD347A26403E7D00C4BD18 /* Release */ = {
			isa = XCBuildConfiguration;
			buildSettings = {
				ASSETCATALOG_COMPILER_APPICON_NAME = AppIcon;
				ASSETCATALOG_COMPILER_GLOBAL_ACCENT_COLOR_NAME = AccentColor;
				CODE_SIGN_STYLE = Automatic;
				DEVELOPMENT_ASSET_PATHS = "\"repApp/Preview Content\"";
				DEVELOPMENT_TEAM = RXHAR2LX55;
				ENABLE_PREVIEWS = YES;
				INFOPLIST_FILE = repApp/Info.plist;
				IPHONEOS_DEPLOYMENT_TARGET = 14.0;
				LD_RUNPATH_SEARCH_PATHS = (
					"$(inherited)",
					"@executable_path/Frameworks",
				);
				PRODUCT_BUNDLE_IDENTIFIER = com.apple.academy.repApp;
				PRODUCT_NAME = "$(TARGET_NAME)";
				SWIFT_VERSION = 5.0;
				TARGETED_DEVICE_FAMILY = "1,2";
			};
			name = Release;
		};
		BCCD347C26403E7D00C4BD18 /* Debug */ = {
			isa = XCBuildConfiguration;
			buildSettings = {
				ALWAYS_EMBED_SWIFT_STANDARD_LIBRARIES = YES;
				BUNDLE_LOADER = "$(TEST_HOST)";
				CODE_SIGN_STYLE = Automatic;
				DEVELOPMENT_TEAM = RXHAR2LX55;
				INFOPLIST_FILE = repAppTests/Info.plist;
				IPHONEOS_DEPLOYMENT_TARGET = 14.0;
				LD_RUNPATH_SEARCH_PATHS = (
					"$(inherited)",
					"@executable_path/Frameworks",
					"@loader_path/Frameworks",
				);
				PRODUCT_BUNDLE_IDENTIFIER = com.apple.academy.repAppTests;
				PRODUCT_NAME = "$(TARGET_NAME)";
				SWIFT_VERSION = 5.0;
				TARGETED_DEVICE_FAMILY = "1,2";
				TEST_HOST = "$(BUILT_PRODUCTS_DIR)/repApp.app/repApp";
			};
			name = Debug;
		};
		BCCD347D26403E7D00C4BD18 /* Release */ = {
			isa = XCBuildConfiguration;
			buildSettings = {
				ALWAYS_EMBED_SWIFT_STANDARD_LIBRARIES = YES;
				BUNDLE_LOADER = "$(TEST_HOST)";
				CODE_SIGN_STYLE = Automatic;
				DEVELOPMENT_TEAM = RXHAR2LX55;
				INFOPLIST_FILE = repAppTests/Info.plist;
				IPHONEOS_DEPLOYMENT_TARGET = 14.0;
				LD_RUNPATH_SEARCH_PATHS = (
					"$(inherited)",
					"@executable_path/Frameworks",
					"@loader_path/Frameworks",
				);
				PRODUCT_BUNDLE_IDENTIFIER = com.apple.academy.repAppTests;
				PRODUCT_NAME = "$(TARGET_NAME)";
				SWIFT_VERSION = 5.0;
				TARGETED_DEVICE_FAMILY = "1,2";
				TEST_HOST = "$(BUILT_PRODUCTS_DIR)/repApp.app/repApp";
			};
			name = Release;
		};
		BCCD347F26403E7D00C4BD18 /* Debug */ = {
			isa = XCBuildConfiguration;
			buildSettings = {
				ALWAYS_EMBED_SWIFT_STANDARD_LIBRARIES = YES;
				CODE_SIGN_STYLE = Automatic;
				DEVELOPMENT_TEAM = RXHAR2LX55;
				INFOPLIST_FILE = repAppUITests/Info.plist;
				LD_RUNPATH_SEARCH_PATHS = (
					"$(inherited)",
					"@executable_path/Frameworks",
					"@loader_path/Frameworks",
				);
				PRODUCT_BUNDLE_IDENTIFIER = com.apple.academy.repAppUITests;
				PRODUCT_NAME = "$(TARGET_NAME)";
				SWIFT_VERSION = 5.0;
				TARGETED_DEVICE_FAMILY = "1,2";
				TEST_TARGET_NAME = repApp;
			};
			name = Debug;
		};
		BCCD348026403E7D00C4BD18 /* Release */ = {
			isa = XCBuildConfiguration;
			buildSettings = {
				ALWAYS_EMBED_SWIFT_STANDARD_LIBRARIES = YES;
				CODE_SIGN_STYLE = Automatic;
				DEVELOPMENT_TEAM = RXHAR2LX55;
				INFOPLIST_FILE = repAppUITests/Info.plist;
				LD_RUNPATH_SEARCH_PATHS = (
					"$(inherited)",
					"@executable_path/Frameworks",
					"@loader_path/Frameworks",
				);
				PRODUCT_BUNDLE_IDENTIFIER = com.apple.academy.repAppUITests;
				PRODUCT_NAME = "$(TARGET_NAME)";
				SWIFT_VERSION = 5.0;
				TARGETED_DEVICE_FAMILY = "1,2";
				TEST_TARGET_NAME = repApp;
			};
			name = Release;
		};
/* End XCBuildConfiguration section */

/* Begin XCConfigurationList section */
		BCCD344E26403E7B00C4BD18 /* Build configuration list for PBXProject "repApp" */ = {
			isa = XCConfigurationList;
			buildConfigurations = (
				BCCD347626403E7D00C4BD18 /* Debug */,
				BCCD347726403E7D00C4BD18 /* Release */,
			);
			defaultConfigurationIsVisible = 0;
			defaultConfigurationName = Release;
		};
		BCCD347826403E7D00C4BD18 /* Build configuration list for PBXNativeTarget "repApp" */ = {
			isa = XCConfigurationList;
			buildConfigurations = (
				BCCD347926403E7D00C4BD18 /* Debug */,
				BCCD347A26403E7D00C4BD18 /* Release */,
			);
			defaultConfigurationIsVisible = 0;
			defaultConfigurationName = Release;
		};
		BCCD347B26403E7D00C4BD18 /* Build configuration list for PBXNativeTarget "repAppTests" */ = {
			isa = XCConfigurationList;
			buildConfigurations = (
				BCCD347C26403E7D00C4BD18 /* Debug */,
				BCCD347D26403E7D00C4BD18 /* Release */,
			);
			defaultConfigurationIsVisible = 0;
			defaultConfigurationName = Release;
		};
		BCCD347E26403E7D00C4BD18 /* Build configuration list for PBXNativeTarget "repAppUITests" */ = {
			isa = XCConfigurationList;
			buildConfigurations = (
				BCCD347F26403E7D00C4BD18 /* Debug */,
				BCCD348026403E7D00C4BD18 /* Release */,
			);
			defaultConfigurationIsVisible = 0;
			defaultConfigurationName = Release;
		};
/* End XCConfigurationList section */
	};
	rootObject = BCCD344B26403E7B00C4BD18 /* Project object */;
}
